
Microsoft Visual Studio Solution File, Format Version 12.00
# Visual Studio 2013
VisualStudioVersion = 12.0.21005.1
MinimumVisualStudioVersion = 10.0.40219.1
Project("{FAE04EC0-301F-11D3-BF4B-00C04F79EFBC}") = "VisualScotParliament.Common", "VisualScotParliament.Common\VisualScotParliament.Common.csproj", "{2923BA3B-EBF1-4D93-89EC-58D358E7C181}"
EndProject
Project("{2150E333-8FDC-42A3-9474-1A3956D46DE8}") = "Information", "Information", "{D56F89D9-8225-4579-81E1-CCBA37E017B7}"
	ProjectSection(SolutionItems) = preProject
		API key.txt = API key.txt
	EndProjectSection
EndProject
Global
	GlobalSection(SolutionConfigurationPlatforms) = preSolution
		Debug|Any CPU = Debug|Any CPU
		Release|Any CPU = Release|Any CPU
	EndGlobalSection
	GlobalSection(ProjectConfigurationPlatforms) = postSolution
		{2923BA3B-EBF1-4D93-89EC-58D358E7C181}.Debug|Any CPU.ActiveCfg = Debug|Any CPU
		{2923BA3B-EBF1-4D93-89EC-58D358E7C181}.Debug|Any CPU.Build.0 = Debug|Any CPU
		{2923BA3B-EBF1-4D93-89EC-58D358E7C181}.Release|Any CPU.ActiveCfg = Release|Any CPU
		{2923BA3B-EBF1-4D93-89EC-58D358E7C181}.Release|Any CPU.Build.0 = Release|Any CPU
	EndGlobalSection
	GlobalSection(SolutionProperties) = preSolution
		HideSolutionNode = FALSE
	EndGlobalSection
EndGlobal
